lockfileVersion: '6.0'

settings:
  autoInstallPeers: true
  excludeLinksFromLockfile: false

devDependencies:
  '@rollup/plugin-terser':
    specifier: ^0.4.4
    version: 0.4.4(rollup@4.12.1)
  rollup:
    specifier: ^4.12.1
    version: 4.12.1

packages:

  /@jridgewell/gen-mapping@0.3.5:
    resolution: {integrity: sha512-IzL8ZoEDIBRWEzlCcRhOaCupYyN5gdIK+Q6fbFdPDg6HqX6jpkItn7DFIpW9LQzXG6Df9sA7+OKnq0qlz/GaQg==}
    engines: {node: '>=6.0.0'}
    dependencies:
      '@jridgewell/set-array': 1.2.1
      '@jridgewell/sourcemap-codec': 1.4.15
      '@jridgewell/trace-mapping': 0.3.25
    dev: true

  /@jridgewell/resolve-uri@3.1.2:
    resolution: {integrity: sha512-bRISgCIjP20/tbWSPWMEi54QVPRZExkuD9lJL+UIxUKtwVJA8wW1Trb1jMs1RFXo1CBTNZ/5hpC9QvmKWdopKw==}
    engines: {node: '>=6.0.0'}
    dev: true

  /@jridgewell/set-array@1.2.1:
    resolution: {integrity: sha512-R8gLRTZeyp03ymzP/6Lil/28tGeGEzhx1q2k703KGWRAI1VdvPIXdG70VJc2pAMw3NA6JKL5hhFu1sJX0Mnn/A==}
    engines: {node: '>=6.0.0'}
    dev: true

  /@jridgewell/source-map@0.3.5:
    resolution: {integrity: sha512-UTYAUj/wviwdsMfzoSJspJxbkH5o1snzwX0//0ENX1u/55kkZZkcTZP6u9bwKGkv+dkk9at4m1Cpt0uY80kcpQ==}
    dependencies:
      '@jridgewell/gen-mapping': 0.3.5
      '@jridgewell/trace-mapping': 0.3.25
    dev: true

  /@jridgewell/sourcemap-codec@1.4.15:
    resolution: {integrity: sha512-eF2rxCRulEKXHTRiDrDy6erMYWqNw4LPdQ8UQA4huuxaQsVeRPFl2oM8oDGxMFhJUWZf9McpLtJasDDZb/Bpeg==}
    dev: true

  /@jridgewell/trace-mapping@0.3.25:
    resolution: {integrity: sha512-vNk6aEwybGtawWmy/PzwnGDOjCkLWSD2wqvjGGAgOAwCGWySYXfYoxt00IJkTF+8Lb57DwOb3Aa0o9CApepiYQ==}
    dependencies:
      '@jridgewell/resolve-uri': 3.1.2
      '@jridgewell/sourcemap-codec': 1.4.15
    dev: true

  /@rollup/plugin-terser@0.4.4(rollup@4.12.1):
    resolution: {integrity: sha512-XHeJC5Bgvs8LfukDwWZp7yeqin6ns8RTl2B9avbejt6tZqsqvVoWI7ZTQrcNsfKEDWBTnTxM8nMDkO2IFFbd0A==}
    engines: {node: '>=14.0.0'}
    peerDependencies:
      rollup: ^2.0.0||^3.0.0||^4.0.0
    peerDependenciesMeta:
      rollup:
        optional: true
    dependencies:
      rollup: 4.12.1
      serialize-javascript: 6.0.2
      smob: 1.4.1
      terser: 5.29.1
    dev: true

  /@rollup/rollup-android-arm-eabi@4.12.1:
    resolution: {integrity: sha512-iU2Sya8hNn1LhsYyf0N+L4Gf9Qc+9eBTJJJsaOGUp+7x4n2M9dxTt8UvhJl3oeftSjblSlpCfvjA/IfP3g5VjQ==}
    cpu: [arm]
    os: [android]
    requiresBuild: true
    dev: true
    optional: true

  /@rollup/rollup-android-arm64@4.12.1:
    resolution: {integrity: sha512-wlzcWiH2Ir7rdMELxFE5vuM7D6TsOcJ2Yw0c3vaBR3VOsJFVTx9xvwnAvhgU5Ii8Gd6+I11qNHwndDscIm0HXg==}
    cpu: [arm64]
    os: [android]
    requiresBuild: true
    dev: true
    optional: true

  /@rollup/rollup-darwin-arm64@4.12.1:
    resolution: {integrity: sha512-YRXa1+aZIFN5BaImK+84B3uNK8C6+ynKLPgvn29X9s0LTVCByp54TB7tdSMHDR7GTV39bz1lOmlLDuedgTwwHg==}
    cpu: [arm64]
    os: [darwin]
    requiresBuild: true
    dev: true
    optional: true

  /@rollup/rollup-darwin-x64@4.12.1:
    resolution: {integrity: sha512-opjWJ4MevxeA8FhlngQWPBOvVWYNPFkq6/25rGgG+KOy0r8clYwL1CFd+PGwRqqMFVQ4/Qd3sQu5t7ucP7C/Uw==}
    cpu: [x64]
    os: [darwin]
    requiresBuild: true
    dev: true
    optional: true

  /@rollup/rollup-linux-arm-gnueabihf@4.12.1:
    resolution: {integrity: sha512-uBkwaI+gBUlIe+EfbNnY5xNyXuhZbDSx2nzzW8tRMjUmpScd6lCQYKY2V9BATHtv5Ef2OBq6SChEP8h+/cxifQ==}
    cpu: [arm]
    os: [linux]
    requiresBuild: true
    dev: true
    optional: true

  /@rollup/rollup-linux-arm64-gnu@4.12.1:
    resolution: {integrity: sha512-0bK9aG1kIg0Su7OcFTlexkVeNZ5IzEsnz1ept87a0TUgZ6HplSgkJAnFpEVRW7GRcikT4GlPV0pbtVedOaXHQQ==}
    cpu: [arm64]
    os: [linux]
    requiresBuild: true
    dev: true
    optional: true

  /@rollup/rollup-linux-arm64-musl@4.12.1:
    resolution: {integrity: sha512-qB6AFRXuP8bdkBI4D7UPUbE7OQf7u5OL+R94JE42Z2Qjmyj74FtDdLGeriRyBDhm4rQSvqAGCGC01b8Fu2LthQ==}
    cpu: [arm64]
    os: [linux]
    requiresBuild: true
    dev: true
    optional: true

  /@rollup/rollup-linux-riscv64-gnu@4.12.1:
    resolution: {integrity: sha512-sHig3LaGlpNgDj5o8uPEoGs98RII8HpNIqFtAI8/pYABO8i0nb1QzT0JDoXF/pxzqO+FkxvwkHZo9k0NJYDedg==}
    cpu: [riscv64]
    os: [linux]
    requiresBuild: true
    dev: true
    optional: true

  /@rollup/rollup-linux-x64-gnu@4.12.1:
    resolution: {integrity: sha512-nD3YcUv6jBJbBNFvSbp0IV66+ba/1teuBcu+fBBPZ33sidxitc6ErhON3JNavaH8HlswhWMC3s5rgZpM4MtPqQ==}
    cpu: [x64]
    os: [linux]
    requiresBuild: true
    dev: true
    optional: true

  /@rollup/rollup-linux-x64-musl@4.12.1:
    resolution: {integrity: sha512-7/XVZqgBby2qp/cO0TQ8uJK+9xnSdJ9ct6gSDdEr4MfABrjTyrW6Bau7HQ73a2a5tPB7hno49A0y1jhWGDN9OQ==}
    cpu: [x64]
    os: [linux]
    requiresBuild: true
    dev: true
    optional: true

  /@rollup/rollup-win32-arm64-msvc@4.12.1:
    resolution: {integrity: sha512-CYc64bnICG42UPL7TrhIwsJW4QcKkIt9gGlj21gq3VV0LL6XNb1yAdHVp1pIi9gkts9gGcT3OfUYHjGP7ETAiw==}
    cpu: [arm64]
    os: [win32]
    requiresBuild: true
    dev: true
    optional: true

  /@rollup/rollup-win32-ia32-msvc@4.12.1:
    resolution: {integrity: sha512-LN+vnlZ9g0qlHGlS920GR4zFCqAwbv2lULrR29yGaWP9u7wF5L7GqWu9Ah6/kFZPXPUkpdZwd//TNR+9XC9hvA==}
    cpu: [ia32]
    os: [win32]
    requiresBuild: true
    dev: true
    optional: true

  /@rollup/rollup-win32-x64-msvc@4.12.1:
    resolution: {integrity: sha512-n+vkrSyphvmU0qkQ6QBNXCGr2mKjhP08mPRM/Xp5Ck2FV4NrHU+y6axzDeixUrCBHVUS51TZhjqrKBBsHLKb2Q==}
    cpu: [x64]
    os: [win32]
    requiresBuild: true
    dev: true
    optional: true

  /@types/estree@1.0.5:
    resolution: {integrity: sha512-/kYRxGDLWzHOB7q+wtSUQlFrtcdUccpfy+X+9iMBpHK8QLLhx2wIPYuS5DYtR9Wa/YlZAbIovy7qVdB1Aq6Lyw==}
    dev: true

  /acorn@8.11.3:
    resolution: {integrity: sha512-Y9rRfJG5jcKOE0CLisYbojUjIrIEE7AGMzA/Sm4BslANhbS+cDMpgBdcPT91oJ7OuJ9hYJBx59RjbhxVnrF8Xg==}
    engines: {node: '>=0.4.0'}
    hasBin: true
    dev: true

  /buffer-from@1.1.2:
    resolution: {integrity: sha512-E+XQCRwSbaaiChtv6k6Dwgc+bx+Bs6vuKJHHl5kox/BaKbhiXzqQOwK4cO22yElGp2OCmjwVhT3HmxgyPGnJfQ==}
    dev: true

  /commander@2.20.3:
    resolution: {integrity: sha512-GpVkmM8vF2vQUkj2LvZmD35JxeJOLCwJ9cUkugyk2nuhbv3+mJvpLYYt+0+USMxE+oj+ey/lJEnhZw75x/OMcQ==}
    dev: true

  /fsevents@2.3.3:
    resolution: {integrity: sha512-5xoDfX+fL7faATnagmWPpbFtwh/R77WmMMqqHGS65C3vvB0YHrgF+B1YmZ3441tMj5n63k0212XNoJwzlhffQw==}
    engines: {node: ^8.16.0 || ^10.6.0 || >=11.0.0}
    os: [darwin]
    requiresBuild: true
    dev: true
    optional: true

  /randombytes@2.1.0:
    resolution: {integrity: sha512-vYl3iOX+4CKUWuxGi9Ukhie6fsqXqS9FE2Zaic4tNFD2N2QQaXOMFbuKK4QmDHC0JO6B1Zp41J0LpT0oR68amQ==}
    dependencies:
      safe-buffer: 5.2.1
    dev: true

  /rollup@4.12.1:
    resolution: {integrity: sha512-ggqQKvx/PsB0FaWXhIvVkSWh7a/PCLQAsMjBc+nA2M8Rv2/HG0X6zvixAB7KyZBRtifBUhy5k8voQX/mRnABPg==}
    engines: {node: '>=18.0.0', npm: '>=8.0.0'}
    hasBin: true
    dependencies:
      '@types/estree': 1.0.5
    optionalDependencies:
      '@rollup/rollup-android-arm-eabi': 4.12.1
      '@rollup/rollup-android-arm64': 4.12.1
      '@rollup/rollup-darwin-arm64': 4.12.1
      '@rollup/rollup-darwin-x64': 4.12.1
      '@rollup/rollup-linux-arm-gnueabihf': 4.12.1
      '@rollup/rollup-linux-arm64-gnu': 4.12.1
      '@rollup/rollup-linux-arm64-musl': 4.12.1
      '@rollup/rollup-linux-riscv64-gnu': 4.12.1
      '@rollup/rollup-linux-x64-gnu': 4.12.1
      '@rollup/rollup-linux-x64-musl': 4.12.1
      '@rollup/rollup-win32-arm64-msvc': 4.12.1
      '@rollup/rollup-win32-ia32-msvc': 4.12.1
      '@rollup/rollup-win32-x64-msvc': 4.12.1
      fsevents: 2.3.3
    dev: true

  /safe-buffer@5.2.1:
    resolution: {integrity: sha512-rp3So07KcdmmKbGvgaNxQSJr7bGVSVk5S9Eq1F+ppbRo70+YeaDxkw5Dd8NPN+GD6bjnYm2VuPuCXmpuYvmCXQ==}
    dev: true

  /serialize-javascript@6.0.2:
    resolution: {integrity: sha512-Saa1xPByTTq2gdeFZYLLo+RFE35NHZkAbqZeWNd3BpzppeVisAqpDjcp8dyf6uIvEqJRd46jemmyA4iFIeVk8g==}
    dependencies:
      randombytes: 2.1.0
    dev: true

  /smob@1.4.1:
    resolution: {integrity: sha512-9LK+E7Hv5R9u4g4C3p+jjLstaLe11MDsL21UpYaCNmapvMkYhqCV4A/f/3gyH8QjMyh6l68q9xC85vihY9ahMQ==}
    dev: true

  /source-map-support@0.5.21:
    resolution: {integrity: sha512-uBHU3L3czsIyYXKX88fdrGovxdSCoTGDRZ6SYXtSRxLZUzHg5P/66Ht6uoUlHu9EZod+inXhKo3qQgwXUT/y1w==}
    dependencies:
      buffer-from: 1.1.2
      source-map: 0.6.1
    dev: true

  /source-map@0.6.1:
    resolution: {integrity: sha512-UjgapumWlbMhkBgzT7Ykc5YXUT46F0iKu8SGXq0bcwP5dz/h0Plj6enJqjz1Zbq2l5WaqYnrVbwWOWMyF3F47g==}
    engines: {node: '>=0.10.0'}
    dev: true

  /terser@5.29.1:
    resolution: {integrity: sha512-lZQ/fyaIGxsbGxApKmoPTODIzELy3++mXhS5hOqaAWZjQtpq/hFHAc+rm29NND1rYRxRWKcjuARNwULNXa5RtQ==}
    engines: {node: '>=10'}
    hasBin: true
    dependencies:
      '@jridgewell/source-map': 0.3.5
      acorn: 8.11.3
      commander: 2.20.3
      source-map-support: 0.5.21
    dev: true
